PODS:
  - boost (1.83.0)
  - DoubleConversion (1.1.6)
  - EXConstants (16.0.2):
    - ExpoModulesCore
  - Expo (51.0.17):
    - ExpoModulesCore
  - ExpoAsset (10.0.10):
    - ExpoModulesCore
  - ExpoFileSystem (17.0.1):
    - ExpoModulesCore
  - ExpoFont (12.0.7):
    - ExpoModulesCore
  - ExpoImage (1.12.12):
    - ExpoModulesCore
    - libavif/libdav1d
    - SDWebImage (~> 5.19.1)
    - SDWebImageAVIFCoder (~> 0.11.0)
    - SDWebImageSVGCoder (~> 1.7.0)
    - SDWebImageWebPCoder (~> 0.14.6)
  - ExpoKeepAwake (13.0.2):
    - ExpoModulesCore
  - ExpoModulesCore (1.12.18):
    - DoubleConversion
    - glog
    - hermes-engine
    - RCT-Folly (= 2024.01.01.00)
    - RCTRequired
    - RCTTypeSafety
    - React-Codegen
    - React-Core
    - React-debug
    - React-Fabric
    - React-featureflags
    - React-graphics
    - React-ImageManager
    - React-jsinspector
    - React-NativeModulesApple
    - React-RCTAppDelegate
    - React-RCTFabric
    - React-rendererdebug
    - React-utils
    - ReactCommon/turbomodule/bridging
    - ReactCommon/turbomodule/core
    - Yoga
  - FBLazyVector (0.74.3)
  - fmt (9.1.0)
  - glog (0.3.5)
  - hermes-engine (0.74.3):
    - hermes-engine/Pre-built (= 0.74.3)
  - hermes-engine/Pre-built (0.74.3)
  - libavif/core (0.11.1)
  - libavif/libdav1d (0.11.1):
    - libavif/core
    - libdav1d (>= 0.6.0)
  - libdav1d (1.2.0)
  - libwebp (1.3.2):
    - libwebp/demux (= 1.3.2)
    - libwebp/mux (= 1.3.2)
    - libwebp/sharpyuv (= 1.3.2)
    - libwebp/webp (= 1.3.2)
  - libwebp/demux (1.3.2):
    - libwebp/webp
  - libwebp/mux (1.3.2):
    - libwebp/demux
  - libwebp/sharpyuv (1.3.2)
  - libwebp/webp (1.3.2):
    - libwebp/sharpyuv
  - RCT-Folly (2024.01.01.00):
    - boost
    - DoubleConversion
    - fmt (= 9.1.0)
    - glog
    - RCT-Folly/Default (= 2024.01.01.00)
  - RCT-Folly/Default (2024.01.01.00):
    - boost
    - DoubleConversion
    - fmt (= 9.1.0)
    - glog
  - RCT-Folly/Fabric (2024.01.01.00):
    - boost
    - DoubleConversion
    - fmt (= 9.1.0)
    - glog
  - RCTDeprecation (0.74.3)
  - RCTRequired (0.74.3)
  - RCTTypeSafety (0.74.3):
    - FBLazyVector (= 0.74.3)
    - RCTRequired (= 0.74.3)
    - React-Core (= 0.74.3)
  - React (0.74.3):
    - React-Core (= 0.74.3)
    - React-Core/DevSupport (= 0.74.3)
    - React-Core/RCTWebSocket (= 0.74.3)
    - React-RCTActionSheet (= 0.74.3)
    - React-RCTAnimation (= 0.74.3)
    - React-RCTBlob (= 0.74.3)
    - React-RCTImage (= 0.74.3)
    - React-RCTLinking (= 0.74.3)
    - React-RCTNetwork (= 0.74.3)
    - React-RCTSettings (= 0.74.3)
    - React-RCTText (= 0.74.3)
    - React-RCTVibration (= 0.74.3)
  - React-callinvoker (0.74.3)
  - React-Codegen (0.74.3):
    - DoubleConversion
    - glog
    - hermes-engine
    - RCT-Folly
    - RCTRequired
    - RCTTypeSafety
    - React-Core
    - React-debug
    - React-Fabric
    - React-FabricImage
    - React-featureflags
    - React-graphics
    - React-jsi
    - React-jsiexecutor
    - React-NativeModulesApple
    - React-rendererdebug
    - React-utils
    - ReactCommon/turbomodule/bridging
    - ReactCommon/turbomodule/core
  - React-Core (0.74.3):
    - glog
    - hermes-engine
    - RCT-Folly (= 2024.01.01.00)
    - RCTDeprecation
    - React-Core/Default (= 0.74.3)
    - React-cxxreact
    - React-featureflags
    - React-hermes
    - React-jsi
    - React-jsiexecutor
    - React-jsinspector
    - React-perflogger
    - React-runtimescheduler
    - React-utils
    - SocketRocket (= 0.7.0)
    - Yoga
  - React-Core/CoreModulesHeaders (0.74.3):
    - glog
    - hermes-engine
    - RCT-Folly (= 2024.01.01.00)
    - RCTDeprecation
    - React-Core/Default
    - React-cxxreact
    - React-featureflags
    - React-hermes
    - React-jsi
    - React-jsiexecutor
    - React-jsinspector
    - React-perflogger
    - React-runtimescheduler
    - React-utils
    - SocketRocket (= 0.7.0)
    - Yoga
  - React-Core/Default (0.74.3):
    - glog
    - hermes-engine
    - RCT-Folly (= 2024.01.01.00)
    - RCTDeprecation
    - React-cxxreact
    - React-featureflags
    - React-hermes
    - React-jsi
    - React-jsiexecutor
    - React-jsinspector
    - React-perflogger
    - React-runtimescheduler
    - React-utils
    - SocketRocket (= 0.7.0)
    - Yoga
  - React-Core/DevSupport (0.74.3):
    - glog
    - hermes-engine
    - RCT-Folly (= 2024.01.01.00)
    - RCTDeprecation
    - React-Core/Default (= 0.74.3)
    - React-Core/RCTWebSocket (= 0.74.3)
    - React-cxxreact
    - React-featureflags
    - React-hermes
    - React-jsi
    - React-jsiexecutor
    - React-jsinspector
    - React-perflogger
    - React-runtimescheduler
    - React-utils
    - SocketRocket (= 0.7.0)
    - Yoga
  - React-Core/RCTActionSheetHeaders (0.74.3):
    - glog
    - hermes-engine
    - RCT-Folly (= 2024.01.01.00)
    - RCTDeprecation
    - React-Core/Default
    - React-cxxreact
    - React-featureflags
    - React-hermes
    - React-jsi
    - React-jsiexecutor
    - React-jsinspector
    - React-perflogger
    - React-runtimescheduler
    - React-utils
    - SocketRocket (= 0.7.0)
    - Yoga
  - React-Core/RCTAnimationHeaders (0.74.3):
    - glog
    - hermes-engine
    - RCT-Folly (= 2024.01.01.00)
    - RCTDeprecation
    - React-Core/Default
    - React-cxxreact
    - React-featureflags
    - React-hermes
    - React-jsi
    - React-jsiexecutor
    - React-jsinspector
    - React-perflogger
    - React-runtimescheduler
    - React-utils
    - SocketRocket (= 0.7.0)
    - Yoga
  - React-Core/RCTBlobHeaders (0.74.3):
    - glog
    - hermes-engine
    - RCT-Folly (= 2024.01.01.00)
    - RCTDeprecation
    - React-Core/Default
    - React-cxxreact
    - React-featureflags
    - React-hermes
    - React-jsi
    - React-jsiexecutor
    - React-jsinspector
    - React-perflogger
    - React-runtimescheduler
    - React-utils
    - SocketRocket (= 0.7.0)
    - Yoga
  - React-Core/RCTImageHeaders (0.74.3):
    - glog
    - hermes-engine
    - RCT-Folly (= 2024.01.01.00)
    - RCTDeprecation
    - React-Core/Default
    - React-cxxreact
    - React-featureflags
    - React-hermes
    - React-jsi
    - React-jsiexecutor
    - React-jsinspector
    - React-perflogger
    - React-runtimescheduler
    - React-utils
    - SocketRocket (= 0.7.0)
    - Yoga
  - React-Core/RCTLinkingHeaders (0.74.3):
    - glog
    - hermes-engine
    - RCT-Folly (= 2024.01.01.00)
    - RCTDeprecation
    - React-Core/Default
    - React-cxxreact
    - React-featureflags
    - React-hermes
    - React-jsi
    - React-jsiexecutor
    - React-jsinspector
    - React-perflogger
    - React-runtimescheduler
    - React-utils
    - SocketRocket (= 0.7.0)
    - Yoga
  - React-Core/RCTNetworkHeaders (0.74.3):
    - glog
    - hermes-engine
    - RCT-Folly (= 2024.01.01.00)
    - RCTDeprecation
    - React-Core/Default
    - React-cxxreact
    - React-featureflags
    - React-hermes
    - React-jsi
    - React-jsiexecutor
    - React-jsinspector
    - React-perflogger
    - React-runtimescheduler
    - React-utils
    - SocketRocket (= 0.7.0)
    - Yoga
  - React-Core/RCTSettingsHeaders (0.74.3):
    - glog
    - hermes-engine
    - RCT-Folly (= 2024.01.01.00)
    - RCTDeprecation
    - React-Core/Default
    - React-cxxreact
    - React-featureflags
    - React-hermes
    - React-jsi
    - React-jsiexecutor
    - React-jsinspector
    - React-perflogger
    - React-runtimescheduler
    - React-utils
    - SocketRocket (= 0.7.0)
    - Yoga
  - React-Core/RCTTextHeaders (0.74.3):
    - glog
    - hermes-engine
    - RCT-Folly (= 2024.01.01.00)
    - RCTDeprecation
    - React-Core/Default
    - React-cxxreact
    - React-featureflags
    - React-hermes
    - React-jsi
    - React-jsiexecutor
    - React-jsinspector
    - React-perflogger
    - React-runtimescheduler
    - React-utils
    - SocketRocket (= 0.7.0)
    - Yoga
  - React-Core/RCTVibrationHeaders (0.74.3):
    - glog
    - hermes-engine
    - RCT-Folly (= 2024.01.01.00)
    - RCTDeprecation
    - React-Core/Default
    - React-cxxreact
    - React-featureflags
    - React-hermes
    - React-jsi
    - React-jsiexecutor
    - React-jsinspector
    - React-perflogger
    - React-runtimescheduler
    - React-utils
    - SocketRocket (= 0.7.0)
    - Yoga
  - React-Core/RCTWebSocket (0.74.3):
    - glog
    - hermes-engine
    - RCT-Folly (= 2024.01.01.00)
    - RCTDeprecation
    - React-Core/Default (= 0.74.3)
    - React-cxxreact
    - React-featureflags
    - React-hermes
    - React-jsi
    - React-jsiexecutor
    - React-jsinspector
    - React-perflogger
    - React-runtimescheduler
    - React-utils
    - SocketRocket (= 0.7.0)
    - Yoga
  - React-CoreModules (0.74.3):
    - DoubleConversion
    - fmt (= 9.1.0)
    - RCT-Folly (= 2024.01.01.00)
    - RCTTypeSafety (= 0.74.3)
    - React-Codegen
    - React-Core/CoreModulesHeaders (= 0.74.3)
    - React-jsi (= 0.74.3)
    - React-jsinspector
    - React-NativeModulesApple
    - React-RCTBlob
    - React-RCTImage (= 0.74.3)
    - ReactCommon
    - SocketRocket (= 0.7.0)
  - React-cxxreact (0.74.3):
    - boost (= 1.83.0)
    - DoubleConversion
    - fmt (= 9.1.0)
    - glog
    - hermes-engine
    - RCT-Folly (= 2024.01.01.00)
    - React-callinvoker (= 0.74.3)
    - React-debug (= 0.74.3)
    - React-jsi (= 0.74.3)
    - React-jsinspector
    - React-logger (= 0.74.3)
    - React-perflogger (= 0.74.3)
    - React-runtimeexecutor (= 0.74.3)
  - React-debug (0.74.3)
  - React-Fabric (0.74.3):
    - DoubleConversion
    - fmt (= 9.1.0)
    - glog
    - hermes-engine
    - RCT-Folly/Fabric (= 2024.01.01.00)
    - RCTRequired
    - RCTTypeSafety
    - React-Core
    - React-cxxreact
    - React-debug
    - React-Fabric/animations (= 0.74.3)
    - React-Fabric/attributedstring (= 0.74.3)
    - React-Fabric/componentregistry (= 0.74.3)
    - React-Fabric/componentregistrynative (= 0.74.3)
    - React-Fabric/components (= 0.74.3)
    - React-Fabric/core (= 0.74.3)
    - React-Fabric/imagemanager (= 0.74.3)
    - React-Fabric/leakchecker (= 0.74.3)
    - React-Fabric/mounting (= 0.74.3)
    - React-Fabric/scheduler (= 0.74.3)
    - React-Fabric/telemetry (= 0.74.3)
    - React-Fabric/templateprocessor (= 0.74.3)
    - React-Fabric/textlayoutmanager (= 0.74.3)
    - React-Fabric/uimanager (= 0.74.3)
    - React-graphics
    - React-jsi
    - React-jsiexecutor
    - React-logger
    - React-rendererdebug
    - React-runtimescheduler
    - React-utils
    - ReactCommon/turbomodule/core
  - React-Fabric/animations (0.74.3):
    - DoubleConversion
    - fmt (= 9.1.0)
    - glog
    - hermes-engine
    - RCT-Folly/Fabric (= 2024.01.01.00)
    - RCTRequired
    - RCTTypeSafety
    - React-Core
    - React-cxxreact
    - React-debug
    - React-graphics
    - React-jsi
    - React-jsiexecutor
    - React-logger
    - React-rendererdebug
    - React-runtimescheduler
    - React-utils
    - ReactCommon/turbomodule/core
  - React-Fabric/attributedstring (0.74.3):
    - DoubleConversion
    - fmt (= 9.1.0)
    - glog
    - hermes-engine
    - RCT-Folly/Fabric (= 2024.01.01.00)
    - RCTRequired
    - RCTTypeSafety
    - React-Core
    - React-cxxreact
    - React-debug
    - React-graphics
    - React-jsi
    - React-jsiexecutor
    - React-logger
    - React-rendererdebug
    - React-runtimescheduler
    - React-utils
    - ReactCommon/turbomodule/core
  - React-Fabric/componentregistry (0.74.3):
    - DoubleConversion
    - fmt (= 9.1.0)
    - glog
    - hermes-engine
    - RCT-Folly/Fabric (= 2024.01.01.00)
    - RCTRequired
    - RCTTypeSafety
    - React-Core
    - React-cxxreact
    - React-debug
    - React-graphics
    - React-jsi
    - React-jsiexecutor
    - React-logger
    - React-rendererdebug
    - React-runtimescheduler
    - React-utils
    - ReactCommon/turbomodule/core
  - React-Fabric/componentregistrynative (0.74.3):
    - DoubleConversion
    - fmt (= 9.1.0)
    - glog
    - hermes-engine
    - RCT-Folly/Fabric (= 2024.01.01.00)
    - RCTRequired
    - RCTTypeSafety
    - React-Core
    - React-cxxreact
    - React-debug
    - React-graphics
    - React-jsi
    - React-jsiexecutor
    - React-logger
    - React-rendererdebug
    - React-runtimescheduler
    - React-utils
    - ReactCommon/turbomodule/core
  - React-Fabric/components (0.74.3):
    - DoubleConversion
    - fmt (= 9.1.0)
    - glog
    - hermes-engine
    - RCT-Folly/Fabric (= 2024.01.01.00)
    - RCTRequired
    - RCTTypeSafety
    - React-Core
    - React-cxxreact
    - React-debug
    - React-Fabric/components/inputaccessory (= 0.74.3)
    - React-Fabric/components/legacyviewmanagerinterop (= 0.74.3)
    - React-Fabric/components/modal (= 0.74.3)
    - React-Fabric/components/rncore (= 0.74.3)
    - React-Fabric/components/root (= 0.74.3)
    - React-Fabric/components/safeareaview (= 0.74.3)
    - React-Fabric/components/scrollview (= 0.74.3)
    - React-Fabric/components/text (= 0.74.3)
    - React-Fabric/components/textinput (= 0.74.3)
    - React-Fabric/components/unimplementedview (= 0.74.3)
    - React-Fabric/components/view (= 0.74.3)
    - React-graphics
    - React-jsi
    - React-jsiexecutor
    - React-logger
    - React-rendererdebug
    - React-runtimescheduler
    - React-utils
    - ReactCommon/turbomodule/core
  - React-Fabric/components/inputaccessory (0.74.3):
    - DoubleConversion
    - fmt (= 9.1.0)
    - glog
    - hermes-engine
    - RCT-Folly/Fabric (= 2024.01.01.00)
    - RCTRequired
    - RCTTypeSafety
    - React-Core
    - React-cxxreact
    - React-debug
    - React-graphics
    - React-jsi
    - React-jsiexecutor
    - React-logger
    - React-rendererdebug
    - React-runtimescheduler
    - React-utils
    - ReactCommon/turbomodule/core
  - React-Fabric/components/legacyviewmanagerinterop (0.74.3):
    - DoubleConversion
    - fmt (= 9.1.0)
    - glog
    - hermes-engine
    - RCT-Folly/Fabric (= 2024.01.01.00)
    - RCTRequired
    - RCTTypeSafety
    - React-Core
    - React-cxxreact
    - React-debug
    - React-graphics
    - React-jsi
    - React-jsiexecutor
    - React-logger
    - React-rendererdebug
    - React-runtimescheduler
    - React-utils
    - ReactCommon/turbomodule/core
  - React-Fabric/components/modal (0.74.3):
    - DoubleConversion
    - fmt (= 9.1.0)
    - glog
    - hermes-engine
    - RCT-Folly/Fabric (= 2024.01.01.00)
    - RCTRequired
    - RCTTypeSafety
    - React-Core
    - React-cxxreact
    - React-debug
    - React-graphics
    - React-jsi
    - React-jsiexecutor
    - React-logger
    - React-rendererdebug
    - React-runtimescheduler
    - React-utils
    - ReactCommon/turbomodule/core
  - React-Fabric/components/rncore (0.74.3):
    - DoubleConversion
    - fmt (= 9.1.0)
    - glog
    - hermes-engine
    - RCT-Folly/Fabric (= 2024.01.01.00)
    - RCTRequired
    - RCTTypeSafety
    - React-Core
    - React-cxxreact
    - React-debug
    - React-graphics
    - React-jsi
    - React-jsiexecutor
    - React-logger
    - React-rendererdebug
    - React-runtimescheduler
    - React-utils
    - ReactCommon/turbomodule/core
  - React-Fabric/components/root (0.74.3):
    - DoubleConversion
    - fmt (= 9.1.0)
    - glog
    - hermes-engine
    - RCT-Folly/Fabric (= 2024.01.01.00)
    - RCTRequired
    - RCTTypeSafety
    - React-Core
    - React-cxxreact
    - React-debug
    - React-graphics
    - React-jsi
    - React-jsiexecutor
    - React-logger
    - React-rendererdebug
    - React-runtimescheduler
    - React-utils
    - ReactCommon/turbomodule/core
  - React-Fabric/components/safeareaview (0.74.3):
    - DoubleConversion
    - fmt (= 9.1.0)
    - glog
    - hermes-engine
    - RCT-Folly/Fabric (= 2024.01.01.00)
    - RCTRequired
    - RCTTypeSafety
    - React-Core
    - React-cxxreact
    - React-debug
    - React-graphics
    - React-jsi
    - React-jsiexecutor
    - React-logger
    - React-rendererdebug
    - React-runtimescheduler
    - React-utils
    - ReactCommon/turbomodule/core
  - React-Fabric/components/scrollview (0.74.3):
    - DoubleConversion
    - fmt (= 9.1.0)
    - glog
    - hermes-engine
    - RCT-Folly/Fabric (= 2024.01.01.00)
    - RCTRequired
    - RCTTypeSafety
    - React-Core
    - React-cxxreact
    - React-debug
    - React-graphics
    - React-jsi
    - React-jsiexecutor
    - React-logger
    - React-rendererdebug
    - React-runtimescheduler
    - React-utils
    - ReactCommon/turbomodule/core
  - React-Fabric/components/text (0.74.3):
    - DoubleConversion
    - fmt (= 9.1.0)
    - glog
    - hermes-engine
    - RCT-Folly/Fabric (= 2024.01.01.00)
    - RCTRequired
    - RCTTypeSafety
    - React-Core
    - React-cxxreact
    - React-debug
    - React-graphics
    - React-jsi
    - React-jsiexecutor
    - React-logger
    - React-rendererdebug
    - React-runtimescheduler
    - React-utils
    - ReactCommon/turbomodule/core
  - React-Fabric/components/textinput (0.74.3):
    - DoubleConversion
    - fmt (= 9.1.0)
    - glog
    - hermes-engine
    - RCT-Folly/Fabric (= 2024.01.01.00)
    - RCTRequired
    - RCTTypeSafety
    - React-Core
    - React-cxxreact
    - React-debug
    - React-graphics
    - React-jsi
    - React-jsiexecutor
    - React-logger
    - React-rendererdebug
    - React-runtimescheduler
    - React-utils
    - ReactCommon/turbomodule/core
  - React-Fabric/components/unimplementedview (0.74.3):
    - DoubleConversion
    - fmt (= 9.1.0)
    - glog
    - hermes-engine
    - RCT-Folly/Fabric (= 2024.01.01.00)
    - RCTRequired
    - RCTTypeSafety
    - React-Core
    - React-cxxreact
    - React-debug
    - React-graphics
    - React-jsi
    - React-jsiexecutor
    - React-logger
    - React-rendererdebug
    - React-runtimescheduler
    - React-utils
    - ReactCommon/turbomodule/core
  - React-Fabric/components/view (0.74.3):
    - DoubleConversion
    - fmt (= 9.1.0)
    - glog
    - hermes-engine
    - RCT-Folly/Fabric (= 2024.01.01.00)
    - RCTRequired
    - RCTTypeSafety
    - React-Core
    - React-cxxreact
    - React-debug
    - React-graphics
    - React-jsi
    - React-jsiexecutor
    - React-logger
    - React-rendererdebug
    - React-runtimescheduler
    - React-utils
    - ReactCommon/turbomodule/core
    - Yoga
  - React-Fabric/core (0.74.3):
    - DoubleConversion
    - fmt (= 9.1.0)
    - glog
    - hermes-engine
    - RCT-Folly/Fabric (= 2024.01.01.00)
    - RCTRequired
    - RCTTypeSafety
    - React-Core
    - React-cxxreact
    - React-debug
    - React-graphics
    - React-jsi
    - React-jsiexecutor
    - React-logger
    - React-rendererdebug
    - React-runtimescheduler
    - React-utils
    - ReactCommon/turbomodule/core
  - React-Fabric/imagemanager (0.74.3):
    - DoubleConversion
    - fmt (= 9.1.0)
    - glog
    - hermes-engine
    - RCT-Folly/Fabric (= 2024.01.01.00)
    - RCTRequired
    - RCTTypeSafety
    - React-Core
    - React-cxxreact
    - React-debug
    - React-graphics
    - React-jsi
    - React-jsiexecutor
    - React-logger
    - React-rendererdebug
    - React-runtimescheduler
    - React-utils
    - ReactCommon/turbomodule/core
  - React-Fabric/leakchecker (0.74.3):
    - DoubleConversion
    - fmt (= 9.1.0)
    - glog
    - hermes-engine
    - RCT-Folly/Fabric (= 2024.01.01.00)
    - RCTRequired
    - RCTTypeSafety
    - React-Core
    - React-cxxreact
    - React-debug
    - React-graphics
    - React-jsi
    - React-jsiexecutor
    - React-logger
    - React-rendererdebug
    - React-runtimescheduler
    - React-utils
    - ReactCommon/turbomodule/core
  - React-Fabric/mounting (0.74.3):
    - DoubleConversion
    - fmt (= 9.1.0)
    - glog
    - hermes-engine
    - RCT-Folly/Fabric (= 2024.01.01.00)
    - RCTRequired
    - RCTTypeSafety
    - React-Core
    - React-cxxreact
    - React-debug
    - React-graphics
    - React-jsi
    - React-jsiexecutor
    - React-logger
    - React-rendererdebug
    - React-runtimescheduler
    - React-utils
    - ReactCommon/turbomodule/core
  - React-Fabric/scheduler (0.74.3):
    - DoubleConversion
    - fmt (= 9.1.0)
    - glog
    - hermes-engine
    - RCT-Folly/Fabric (= 2024.01.01.00)
    - RCTRequired
    - RCTTypeSafety
    - React-Core
    - React-cxxreact
    - React-debug
    - React-graphics
    - React-jsi
    - React-jsiexecutor
    - React-logger
    - React-rendererdebug
    - React-runtimescheduler
    - React-utils
    - ReactCommon/turbomodule/core
  - React-Fabric/telemetry (0.74.3):
    - DoubleConversion
    - fmt (= 9.1.0)
    - glog
    - hermes-engine
    - RCT-Folly/Fabric (= 2024.01.01.00)
    - RCTRequired
    - RCTTypeSafety
    - React-Core
    - React-cxxreact
    - React-debug
    - React-graphics
    - React-jsi
    - React-jsiexecutor
    - React-logger
    - React-rendererdebug
    - React-runtimescheduler
    - React-utils
    - ReactCommon/turbomodule/core
  - React-Fabric/templateprocessor (0.74.3):
    - DoubleConversion
    - fmt (= 9.1.0)
    - glog
    - hermes-engine
    - RCT-Folly/Fabric (= 2024.01.01.00)
    - RCTRequired
    - RCTTypeSafety
    - React-Core
    - React-cxxreact
    - React-debug
    - React-graphics
    - React-jsi
    - React-jsiexecutor
    - React-logger
    - React-rendererdebug
    - React-runtimescheduler
    - React-utils
    - ReactCommon/turbomodule/core
  - React-Fabric/textlayoutmanager (0.74.3):
    - DoubleConversion
    - fmt (= 9.1.0)
    - glog
    - hermes-engine
    - RCT-Folly/Fabric (= 2024.01.01.00)
    - RCTRequired
    - RCTTypeSafety
    - React-Core
    - React-cxxreact
    - React-debug
    - React-Fabric/uimanager
    - React-graphics
    - React-jsi
    - React-jsiexecutor
    - React-logger
    - React-rendererdebug
    - React-runtimescheduler
    - React-utils
    - ReactCommon/turbomodule/core
  - React-Fabric/uimanager (0.74.3):
    - DoubleConversion
    - fmt (= 9.1.0)
    - glog
    - hermes-engine
    - RCT-Folly/Fabric (= 2024.01.01.00)
    - RCTRequired
    - RCTTypeSafety
    - React-Core
    - React-cxxreact
    - React-debug
    - React-graphics
    - React-jsi
    - React-jsiexecutor
    - React-logger
    - React-rendererdebug
    - React-runtimescheduler
    - React-utils
    - ReactCommon/turbomodule/core
  - React-FabricImage (0.74.3):
    - DoubleConversion
    - fmt (= 9.1.0)
    - glog
    - hermes-engine
    - RCT-Folly/Fabric (= 2024.01.01.00)
    - RCTRequired (= 0.74.3)
    - RCTTypeSafety (= 0.74.3)
    - React-Fabric
    - React-graphics
    - React-ImageManager
    - React-jsi
    - React-jsiexecutor (= 0.74.3)
    - React-logger
    - React-rendererdebug
    - React-utils
    - ReactCommon
    - Yoga
  - React-featureflags (0.74.3)
  - React-graphics (0.74.3):
    - DoubleConversion
    - fmt (= 9.1.0)
    - glog
    - RCT-Folly/Fabric (= 2024.01.01.00)
    - React-Core/Default (= 0.74.3)
    - React-utils
  - React-hermes (0.74.3):
    - DoubleConversion
    - fmt (= 9.1.0)
    - glog
    - hermes-engine
    - RCT-Folly (= 2024.01.01.00)
    - React-cxxreact (= 0.74.3)
    - React-jsi
    - React-jsiexecutor (= 0.74.3)
    - React-jsinspector
    - React-perflogger (= 0.74.3)
    - React-runtimeexecutor
  - React-ImageManager (0.74.3):
    - glog
    - RCT-Folly/Fabric
    - React-Core/Default
    - React-debug
    - React-Fabric
    - React-graphics
    - React-rendererdebug
    - React-utils
  - React-jserrorhandler (0.74.3):
    - RCT-Folly/Fabric (= 2024.01.01.00)
    - React-debug
    - React-jsi
    - React-Mapbuffer
  - React-jsi (0.74.3):
    - boost (= 1.83.0)
    - DoubleConversion
    - fmt (= 9.1.0)
    - glog
    - hermes-engine
    - RCT-Folly (= 2024.01.01.00)
  - React-jsiexecutor (0.74.3):
    - DoubleConversion
    - fmt (= 9.1.0)
    - glog
    - hermes-engine
    - RCT-Folly (= 2024.01.01.00)
    - React-cxxreact (= 0.74.3)
    - React-jsi (= 0.74.3)
    - React-jsinspector
    - React-perflogger (= 0.74.3)
  - React-jsinspector (0.74.3):
    - DoubleConversion
    - glog
    - hermes-engine
    - RCT-Folly (= 2024.01.01.00)
    - React-featureflags
    - React-jsi
    - React-runtimeexecutor (= 0.74.3)
  - React-jsitracing (0.74.3):
    - React-jsi
  - React-logger (0.74.3):
    - glog
  - React-Mapbuffer (0.74.3):
    - glog
    - React-debug
  - react-native-video (6.3.0):
    - DoubleConversion
    - glog
    - hermes-engine
    - RCT-Folly (= 2024.01.01.00)
    - RCTRequired
    - RCTTypeSafety
    - React-Codegen
    - React-Core
    - React-debug
    - React-Fabric
    - React-featureflags
    - React-graphics
    - React-ImageManager
    - react-native-video/Video (= 6.3.0)
    - React-NativeModulesApple
    - React-RCTFabric
    - React-rendererdebug
    - React-utils
    - ReactCommon/turbomodule/bridging
    - ReactCommon/turbomodule/core
    - Yoga
  - react-native-video-plugin-sample (0.0.0):
    - DoubleConversion
    - glog
    - hermes-engine
    - RCT-Folly (= 2024.01.01.00)
    - RCTRequired
    - RCTTypeSafety
    - React-Codegen
    - React-Core
    - React-debug
    - React-Fabric
    - React-featureflags
    - React-graphics
    - React-ImageManager
    - react-native-video
    - React-NativeModulesApple
    - React-RCTFabric
    - React-rendererdebug
    - React-utils
    - ReactCommon/turbomodule/bridging
    - ReactCommon/turbomodule/core
    - Yoga
  - react-native-video/Video (6.3.0):
    - DoubleConversion
    - glog
    - hermes-engine
    - RCT-Folly (= 2024.01.01.00)
    - RCTRequired
    - RCTTypeSafety
    - React-Codegen
    - React-Core
    - React-debug
    - React-Fabric
    - React-featureflags
    - React-graphics
    - React-ImageManager
    - React-NativeModulesApple
    - React-RCTFabric
    - React-rendererdebug
    - React-utils
    - ReactCommon/turbomodule/bridging
    - ReactCommon/turbomodule/core
    - Yoga
  - React-nativeconfig (0.74.3)
  - React-NativeModulesApple (0.74.3):
    - glog
    - hermes-engine
    - React-callinvoker
    - React-Core
    - React-cxxreact
    - React-jsi
    - React-jsinspector
    - React-runtimeexecutor
    - ReactCommon/turbomodule/bridging
    - ReactCommon/turbomodule/core
  - React-perflogger (0.74.3)
  - React-RCTActionSheet (0.74.3):
    - React-Core/RCTActionSheetHeaders (= 0.74.3)
  - React-RCTAnimation (0.74.3):
    - RCT-Folly (= 2024.01.01.00)
    - RCTTypeSafety
    - React-Codegen
    - React-Core/RCTAnimationHeaders
    - React-jsi
    - React-NativeModulesApple
    - ReactCommon
  - React-RCTAppDelegate (0.74.3):
    - RCT-Folly (= 2024.01.01.00)
    - RCTRequired
    - RCTTypeSafety
    - React-Codegen
    - React-Core
    - React-CoreModules
    - React-debug
    - React-Fabric
    - React-featureflags
    - React-graphics
    - React-hermes
    - React-nativeconfig
    - React-NativeModulesApple
    - React-RCTFabric
    - React-RCTImage
    - React-RCTNetwork
    - React-rendererdebug
    - React-RuntimeApple
    - React-RuntimeCore
    - React-RuntimeHermes
    - React-runtimescheduler
    - React-utils
    - ReactCommon
  - React-RCTBlob (0.74.3):
    - DoubleConversion
    - fmt (= 9.1.0)
    - hermes-engine
    - RCT-Folly (= 2024.01.01.00)
    - React-Codegen
    - React-Core/RCTBlobHeaders
    - React-Core/RCTWebSocket
    - React-jsi
    - React-jsinspector
    - React-NativeModulesApple
    - React-RCTNetwork
    - ReactCommon
  - React-RCTFabric (0.74.3):
    - glog
    - hermes-engine
    - RCT-Folly/Fabric (= 2024.01.01.00)
    - React-Core
    - React-debug
    - React-Fabric
    - React-FabricImage
    - React-featureflags
    - React-graphics
    - React-ImageManager
    - React-jsi
    - React-jsinspector
    - React-nativeconfig
    - React-RCTImage
    - React-RCTText
    - React-rendererdebug
    - React-runtimescheduler
    - React-utils
    - Yoga
  - React-RCTImage (0.74.3):
    - RCT-Folly (= 2024.01.01.00)
    - RCTTypeSafety
    - React-Codegen
    - React-Core/RCTImageHeaders
    - React-jsi
    - React-NativeModulesApple
    - React-RCTNetwork
    - ReactCommon
  - React-RCTLinking (0.74.3):
    - React-Codegen
    - React-Core/RCTLinkingHeaders (= 0.74.3)
    - React-jsi (= 0.74.3)
    - React-NativeModulesApple
    - ReactCommon
    - ReactCommon/turbomodule/core (= 0.74.3)
  - React-RCTNetwork (0.74.3):
    - RCT-Folly (= 2024.01.01.00)
    - RCTTypeSafety
    - React-Codegen
    - React-Core/RCTNetworkHeaders
    - React-jsi
    - React-NativeModulesApple
    - ReactCommon
  - React-RCTSettings (0.74.3):
    - RCT-Folly (= 2024.01.01.00)
    - RCTTypeSafety
    - React-Codegen
    - React-Core/RCTSettingsHeaders
    - React-jsi
    - React-NativeModulesApple
    - ReactCommon
  - React-RCTText (0.74.3):
    - React-Core/RCTTextHeaders (= 0.74.3)
    - Yoga
  - React-RCTVibration (0.74.3):
    - RCT-Folly (= 2024.01.01.00)
    - React-Codegen
    - React-Core/RCTVibrationHeaders
    - React-jsi
    - React-NativeModulesApple
    - ReactCommon
  - React-rendererdebug (0.74.3):
    - DoubleConversion
    - fmt (= 9.1.0)
    - RCT-Folly (= 2024.01.01.00)
    - React-debug
  - React-rncore (0.74.3)
  - React-RuntimeApple (0.74.3):
    - hermes-engine
    - RCT-Folly/Fabric (= 2024.01.01.00)
    - React-callinvoker
    - React-Core/Default
    - React-CoreModules
    - React-cxxreact
    - React-jserrorhandler
    - React-jsi
    - React-jsiexecutor
    - React-jsinspector
    - React-Mapbuffer
    - React-NativeModulesApple
    - React-RCTFabric
    - React-RuntimeCore
    - React-runtimeexecutor
    - React-RuntimeHermes
    - React-utils
  - React-RuntimeCore (0.74.3):
    - glog
    - hermes-engine
    - RCT-Folly/Fabric (= 2024.01.01.00)
    - React-cxxreact
    - React-featureflags
    - React-jserrorhandler
    - React-jsi
    - React-jsiexecutor
    - React-jsinspector
    - React-runtimeexecutor
    - React-runtimescheduler
    - React-utils
  - React-runtimeexecutor (0.74.3):
    - React-jsi (= 0.74.3)
  - React-RuntimeHermes (0.74.3):
    - hermes-engine
    - RCT-Folly/Fabric (= 2024.01.01.00)
    - React-featureflags
    - React-hermes
    - React-jsi
    - React-jsinspector
    - React-jsitracing
    - React-nativeconfig
    - React-RuntimeCore
    - React-utils
  - React-runtimescheduler (0.74.3):
    - glog
    - hermes-engine
    - RCT-Folly (= 2024.01.01.00)
    - React-callinvoker
    - React-cxxreact
    - React-debug
    - React-featureflags
    - React-jsi
    - React-rendererdebug
    - React-runtimeexecutor
    - React-utils
  - React-utils (0.74.3):
    - glog
    - hermes-engine
    - RCT-Folly (= 2024.01.01.00)
    - React-debug
    - React-jsi (= 0.74.3)
  - ReactCommon (0.74.3):
    - ReactCommon/turbomodule (= 0.74.3)
  - ReactCommon/turbomodule (0.74.3):
    - DoubleConversion
    - fmt (= 9.1.0)
    - glog
    - hermes-engine
    - RCT-Folly (= 2024.01.01.00)
    - React-callinvoker (= 0.74.3)
    - React-cxxreact (= 0.74.3)
    - React-jsi (= 0.74.3)
    - React-logger (= 0.74.3)
    - React-perflogger (= 0.74.3)
    - ReactCommon/turbomodule/bridging (= 0.74.3)
    - ReactCommon/turbomodule/core (= 0.74.3)
  - ReactCommon/turbomodule/bridging (0.74.3):
    - DoubleConversion
    - fmt (= 9.1.0)
    - glog
    - hermes-engine
    - RCT-Folly (= 2024.01.01.00)
    - React-callinvoker (= 0.74.3)
    - React-cxxreact (= 0.74.3)
    - React-jsi (= 0.74.3)
    - React-logger (= 0.74.3)
    - React-perflogger (= 0.74.3)
  - ReactCommon/turbomodule/core (0.74.3):
    - DoubleConversion
    - fmt (= 9.1.0)
    - glog
    - hermes-engine
    - RCT-Folly (= 2024.01.01.00)
    - React-callinvoker (= 0.74.3)
    - React-cxxreact (= 0.74.3)
    - React-debug (= 0.74.3)
    - React-jsi (= 0.74.3)
    - React-logger (= 0.74.3)
    - React-perflogger (= 0.74.3)
    - React-utils (= 0.74.3)
  - RNCPicker (2.7.5):
    - React-Core
  - SDWebImage (5.19.2):
    - SDWebImage/Core (= 5.19.2)
  - SDWebImage/Core (5.19.2)
  - SDWebImageAVIFCoder (0.11.0):
    - libavif/core (>= 0.11.0)
    - SDWebImage (~> 5.10)
  - SDWebImageSVGCoder (1.7.0):
    - SDWebImage/Core (~> 5.6)
  - SDWebImageWebPCoder (0.14.6):
    - libwebp (~> 1.0)
    - SDWebImage/Core (~> 5.17)
  - SocketRocket (0.7.0)
  - Yoga (0.0.0)

DEPENDENCIES:
  - boost (from `../node_modules/react-native/third-party-podspecs/boost.podspec`)
  - DoubleConversion (from `../node_modules/react-native/third-party-podspecs/DoubleConversion.podspec`)
  - EXConstants (from `../node_modules/expo-constants/ios`)
  - Expo (from `../node_modules/expo`)
  - ExpoAsset (from `../node_modules/expo-asset/ios`)
  - ExpoFileSystem (from `../node_modules/expo-file-system/ios`)
  - ExpoFont (from `../node_modules/expo-font/ios`)
  - ExpoImage (from `../node_modules/expo-image/ios`)
  - ExpoKeepAwake (from `../node_modules/expo-keep-awake/ios`)
  - ExpoModulesCore (from `../node_modules/expo-modules-core`)
  - FBLazyVector (from `../node_modules/react-native/Libraries/FBLazyVector`)
  - fmt (from `../node_modules/react-native/third-party-podspecs/fmt.podspec`)
  - glog (from `../node_modules/react-native/third-party-podspecs/glog.podspec`)
  - hermes-engine (from `../node_modules/react-native/sdks/hermes-engine/hermes-engine.podspec`)
  - RCT-Folly (from `../node_modules/react-native/third-party-podspecs/RCT-Folly.podspec`)
  - RCT-Folly/Fabric (from `../node_modules/react-native/third-party-podspecs/RCT-Folly.podspec`)
  - RCTDeprecation (from `../node_modules/react-native/ReactApple/Libraries/RCTFoundation/RCTDeprecation`)
  - RCTRequired (from `../node_modules/react-native/Libraries/Required`)
  - RCTTypeSafety (from `../node_modules/react-native/Libraries/TypeSafety`)
  - React (from `../node_modules/react-native/`)
  - React-callinvoker (from `../node_modules/react-native/ReactCommon/callinvoker`)
  - React-Codegen (from `build/generated/ios`)
  - React-Core (from `../node_modules/react-native/`)
  - React-Core/RCTWebSocket (from `../node_modules/react-native/`)
  - React-CoreModules (from `../node_modules/react-native/React/CoreModules`)
  - React-cxxreact (from `../node_modules/react-native/ReactCommon/cxxreact`)
  - React-debug (from `../node_modules/react-native/ReactCommon/react/debug`)
  - React-Fabric (from `../node_modules/react-native/ReactCommon`)
  - React-FabricImage (from `../node_modules/react-native/ReactCommon`)
  - React-featureflags (from `../node_modules/react-native/ReactCommon/react/featureflags`)
  - React-graphics (from `../node_modules/react-native/ReactCommon/react/renderer/graphics`)
  - React-hermes (from `../node_modules/react-native/ReactCommon/hermes`)
  - React-ImageManager (from `../node_modules/react-native/ReactCommon/react/renderer/imagemanager/platform/ios`)
  - React-jserrorhandler (from `../node_modules/react-native/ReactCommon/jserrorhandler`)
  - React-jsi (from `../node_modules/react-native/ReactCommon/jsi`)
  - React-jsiexecutor (from `../node_modules/react-native/ReactCommon/jsiexecutor`)
  - React-jsinspector (from `../node_modules/react-native/ReactCommon/jsinspector-modern`)
  - React-jsitracing (from `../node_modules/react-native/ReactCommon/hermes/executor/`)
  - React-logger (from `../node_modules/react-native/ReactCommon/logger`)
  - React-Mapbuffer (from `../node_modules/react-native/ReactCommon`)
  - react-native-video (from `../../..`)
  - react-native-video-plugin-sample (from `../../react-native-video-plugin-sample`)
  - React-nativeconfig (from `../node_modules/react-native/ReactCommon`)
  - React-NativeModulesApple (from `../node_modules/react-native/ReactCommon/react/nativemodule/core/platform/ios`)
  - React-perflogger (from `../node_modules/react-native/ReactCommon/reactperflogger`)
  - React-RCTActionSheet (from `../node_modules/react-native/Libraries/ActionSheetIOS`)
  - React-RCTAnimation (from `../node_modules/react-native/Libraries/NativeAnimation`)
  - React-RCTAppDelegate (from `../node_modules/react-native/Libraries/AppDelegate`)
  - React-RCTBlob (from `../node_modules/react-native/Libraries/Blob`)
  - React-RCTFabric (from `../node_modules/react-native/React`)
  - React-RCTImage (from `../node_modules/react-native/Libraries/Image`)
  - React-RCTLinking (from `../node_modules/react-native/Libraries/LinkingIOS`)
  - React-RCTNetwork (from `../node_modules/react-native/Libraries/Network`)
  - React-RCTSettings (from `../node_modules/react-native/Libraries/Settings`)
  - React-RCTText (from `../node_modules/react-native/Libraries/Text`)
  - React-RCTVibration (from `../node_modules/react-native/Libraries/Vibration`)
  - React-rendererdebug (from `../node_modules/react-native/ReactCommon/react/renderer/debug`)
  - React-rncore (from `../node_modules/react-native/ReactCommon`)
  - React-RuntimeApple (from `../node_modules/react-native/ReactCommon/react/runtime/platform/ios`)
  - React-RuntimeCore (from `../node_modules/react-native/ReactCommon/react/runtime`)
  - React-runtimeexecutor (from `../node_modules/react-native/ReactCommon/runtimeexecutor`)
  - React-RuntimeHermes (from `../node_modules/react-native/ReactCommon/react/runtime`)
  - React-runtimescheduler (from `../node_modules/react-native/ReactCommon/react/renderer/runtimescheduler`)
  - React-utils (from `../node_modules/react-native/ReactCommon/react/utils`)
  - ReactCommon/turbomodule/core (from `../node_modules/react-native/ReactCommon`)
  - "RNCPicker (from `../node_modules/@react-native-picker/picker`)"
  - Yoga (from `../node_modules/react-native/ReactCommon/yoga`)

SPEC REPOS:
  trunk:
    - libavif
    - libdav1d
    - libwebp
    - SDWebImage
    - SDWebImageAVIFCoder
    - SDWebImageSVGCoder
    - SDWebImageWebPCoder
    - SocketRocket

EXTERNAL SOURCES:
  boost:
    :podspec: "../node_modules/react-native/third-party-podspecs/boost.podspec"
  DoubleConversion:
    :podspec: "../node_modules/react-native/third-party-podspecs/DoubleConversion.podspec"
  EXConstants:
    :path: "../node_modules/expo-constants/ios"
  Expo:
    :path: "../node_modules/expo"
  ExpoAsset:
    :path: "../node_modules/expo-asset/ios"
  ExpoFileSystem:
    :path: "../node_modules/expo-file-system/ios"
  ExpoFont:
    :path: "../node_modules/expo-font/ios"
  ExpoImage:
    :path: "../node_modules/expo-image/ios"
  ExpoKeepAwake:
    :path: "../node_modules/expo-keep-awake/ios"
  ExpoModulesCore:
    :path: "../node_modules/expo-modules-core"
  FBLazyVector:
    :path: "../node_modules/react-native/Libraries/FBLazyVector"
  fmt:
    :podspec: "../node_modules/react-native/third-party-podspecs/fmt.podspec"
  glog:
    :podspec: "../node_modules/react-native/third-party-podspecs/glog.podspec"
  hermes-engine:
    :podspec: "../node_modules/react-native/sdks/hermes-engine/hermes-engine.podspec"
    :tag: hermes-2024-06-28-RNv0.74.3-7bda0c267e76d11b68a585f84cfdd65000babf85
  RCT-Folly:
    :podspec: "../node_modules/react-native/third-party-podspecs/RCT-Folly.podspec"
  RCTDeprecation:
    :path: "../node_modules/react-native/ReactApple/Libraries/RCTFoundation/RCTDeprecation"
  RCTRequired:
    :path: "../node_modules/react-native/Libraries/Required"
  RCTTypeSafety:
    :path: "../node_modules/react-native/Libraries/TypeSafety"
  React:
    :path: "../node_modules/react-native/"
  React-callinvoker:
    :path: "../node_modules/react-native/ReactCommon/callinvoker"
  React-Codegen:
    :path: build/generated/ios
  React-Core:
    :path: "../node_modules/react-native/"
  React-CoreModules:
    :path: "../node_modules/react-native/React/CoreModules"
  React-cxxreact:
    :path: "../node_modules/react-native/ReactCommon/cxxreact"
  React-debug:
    :path: "../node_modules/react-native/ReactCommon/react/debug"
  React-Fabric:
    :path: "../node_modules/react-native/ReactCommon"
  React-FabricImage:
    :path: "../node_modules/react-native/ReactCommon"
  React-featureflags:
    :path: "../node_modules/react-native/ReactCommon/react/featureflags"
  React-graphics:
    :path: "../node_modules/react-native/ReactCommon/react/renderer/graphics"
  React-hermes:
    :path: "../node_modules/react-native/ReactCommon/hermes"
  React-ImageManager:
    :path: "../node_modules/react-native/ReactCommon/react/renderer/imagemanager/platform/ios"
  React-jserrorhandler:
    :path: "../node_modules/react-native/ReactCommon/jserrorhandler"
  React-jsi:
    :path: "../node_modules/react-native/ReactCommon/jsi"
  React-jsiexecutor:
    :path: "../node_modules/react-native/ReactCommon/jsiexecutor"
  React-jsinspector:
    :path: "../node_modules/react-native/ReactCommon/jsinspector-modern"
  React-jsitracing:
    :path: "../node_modules/react-native/ReactCommon/hermes/executor/"
  React-logger:
    :path: "../node_modules/react-native/ReactCommon/logger"
  React-Mapbuffer:
    :path: "../node_modules/react-native/ReactCommon"
  react-native-video:
    :path: "../../.."
  react-native-video-plugin-sample:
    :path: "../../react-native-video-plugin-sample"
  React-nativeconfig:
    :path: "../node_modules/react-native/ReactCommon"
  React-NativeModulesApple:
    :path: "../node_modules/react-native/ReactCommon/react/nativemodule/core/platform/ios"
  React-perflogger:
    :path: "../node_modules/react-native/ReactCommon/reactperflogger"
  React-RCTActionSheet:
    :path: "../node_modules/react-native/Libraries/ActionSheetIOS"
  React-RCTAnimation:
    :path: "../node_modules/react-native/Libraries/NativeAnimation"
  React-RCTAppDelegate:
    :path: "../node_modules/react-native/Libraries/AppDelegate"
  React-RCTBlob:
    :path: "../node_modules/react-native/Libraries/Blob"
  React-RCTFabric:
    :path: "../node_modules/react-native/React"
  React-RCTImage:
    :path: "../node_modules/react-native/Libraries/Image"
  React-RCTLinking:
    :path: "../node_modules/react-native/Libraries/LinkingIOS"
  React-RCTNetwork:
    :path: "../node_modules/react-native/Libraries/Network"
  React-RCTSettings:
    :path: "../node_modules/react-native/Libraries/Settings"
  React-RCTText:
    :path: "../node_modules/react-native/Libraries/Text"
  React-RCTVibration:
    :path: "../node_modules/react-native/Libraries/Vibration"
  React-rendererdebug:
    :path: "../node_modules/react-native/ReactCommon/react/renderer/debug"
  React-rncore:
    :path: "../node_modules/react-native/ReactCommon"
  React-RuntimeApple:
    :path: "../node_modules/react-native/ReactCommon/react/runtime/platform/ios"
  React-RuntimeCore:
    :path: "../node_modules/react-native/ReactCommon/react/runtime"
  React-runtimeexecutor:
    :path: "../node_modules/react-native/ReactCommon/runtimeexecutor"
  React-RuntimeHermes:
    :path: "../node_modules/react-native/ReactCommon/react/runtime"
  React-runtimescheduler:
    :path: "../node_modules/react-native/ReactCommon/react/renderer/runtimescheduler"
  React-utils:
    :path: "../node_modules/react-native/ReactCommon/react/utils"
  ReactCommon:
    :path: "../node_modules/react-native/ReactCommon"
  RNCPicker:
    :path: "../node_modules/@react-native-picker/picker"
  Yoga:
    :path: "../node_modules/react-native/ReactCommon/yoga"

SPEC CHECKSUMS:
  boost: d3f49c53809116a5d38da093a8aa78bf551aed09
  DoubleConversion: 76ab83afb40bddeeee456813d9c04f67f78771b5
  EXConstants: 409690fbfd5afea964e5e9d6c4eb2c2b59222c59
  Expo: 675a5642b5860771507237259da50b921c03a9f3
  ExpoAsset: 323700f291684f110fb55f0d4022a3362ea9f875
  ExpoFileSystem: 80bfe850b1f9922c16905822ecbf97acd711dc51
  ExpoFont: 43b69559cef3d773db57c7ae7edd3cb0aa0dc610
  ExpoImage: 2ccccff1219ebc765e344f3338f2430af2df4824
  ExpoKeepAwake: 3b8815d9dd1d419ee474df004021c69fdd316d08
  ExpoModulesCore: b2fa8cc3c12f0ba45a9ae125c0e3bcad04f3fb7b
  FBLazyVector: 7e977dd099937dc5458851233141583abba49ff2
  fmt: 4c2741a687cc09f0634a2e2c72a838b99f1ff120
  glog: fdfdfe5479092de0c4bdbebedd9056951f092c4f
  hermes-engine: 1f547997900dd0752dc0cc0ae6dd16173c49e09b
  libavif: 84bbb62fb232c3018d6f1bab79beea87e35de7b7
  libdav1d: 23581a4d8ec811ff171ed5e2e05cd27bad64c39f
  libwebp: 1786c9f4ff8a279e4dac1e8f385004d5fc253009
  RCT-Folly: 02617c592a293bd6d418e0a88ff4ee1f88329b47
  RCTDeprecation: 4c7eeb42be0b2e95195563c49be08d0b839d22b4
  RCTRequired: d530a0f489699c8500e944fde963102c42dcd0c2
  RCTTypeSafety: b20878506b094fa3d9007d7b9e4be0faa3562499
  React: 2f9da0177233f60fa3462d83fcccde245759f81a
  React-callinvoker: d0205f0dcebf72ec27263ab41e3a5ad827ed503f
  React-Codegen: 27212e14727ad7d6d9fd1b1967fbf21929e4ce29
  React-Core: 690ebbbf8f8dcfba6686ce8927731d3f025c3114
  React-CoreModules: 185da31f5eb2e6043c3d19b10c64c4661322ed6a
  React-cxxreact: c53d2ac9246235351086b8c588feaf775b4ec7f7
  React-debug: 40caf8ab4c0fd3afe831912e3d4d0e7303eecc5d
  React-Fabric: 51ccb4f7e45df5837e796f339d602737063c463e
  React-FabricImage: 376b7a81bfe64102e7da5fc85cd1775638584c92
  React-featureflags: 0d0576ae8306801a8a660b36afcdbda04dd7cc12
  React-graphics: e0e6b8fbb1c5968c70d3584dccec42544b769b60
  React-hermes: 917b7ab4c3cb9204c2ad020d74f313830097148b
  React-ImageManager: 5cebcc0136f3b309c7f5189b96e6c0ebd0ec8192
  React-jserrorhandler: 5dc7e036cba3b7d167380c02afabf818ad0b2f98
  React-jsi: 024b933267079f80c30a5cae97bf5ce521217505
  React-jsiexecutor: 45cb079c87db3f514da3acfc686387a0e01de5c5
  React-jsinspector: c9551971f1298163c93e2bfb082c2b4245618fc6
  React-jsitracing: 1aa5681c353b41573b03e0e480a5adf5fa1c56d8
  React-logger: fa92ba4d3a5d39ac450f59be2a3cec7b099f0304
  React-Mapbuffer: 70da5955150a58732e9336a0c7e71cd49e909f25
  react-native-video: c44719c9a5261ad54fdad49e6dd0e98439e0e1b3
  react-native-video-plugin-sample: d3a93b7ad777cad7fa2c30473de75a2635ce5feb
  React-nativeconfig: 84806b820491db30175afbf027e99e8415dc63f0
  React-NativeModulesApple: 7b79212f8cf496ab554e0b7b09acbd4aa4690260
  React-perflogger: 7bb9ba49435ff66b666e7966ee10082508a203e8
  React-RCTActionSheet: a2816ae2b5c8523c2bc18a8f874a724a096e6d97
  React-RCTAnimation: e78f52d7422bac13e1213e25e9bcbf99be872e1a
  React-RCTAppDelegate: 24f46de486cfa3a9f46e4b0786eaf17d92e1e0c6
  React-RCTBlob: 9f9d6599d1b00690704dadc4a4bc33a7e76938be
  React-RCTFabric: 416d20a24b117a7ec7d32088fc8f359b5e558fa7
  React-RCTImage: 39dd5aee6b92213845e1e7a7c41865801dc33493
  React-RCTLinking: 35d742a982f901f9ea416d772763e2da65c2dc7d
  React-RCTNetwork: b078576c0c896c71905f841716b9f9f5922111dc
  React-RCTSettings: 900aab52b5b1212f247c2944d88f4defbf6146f2
  React-RCTText: a3895ab4e5df4a5fd41b6f059eed484a0c7016d1
  React-RCTVibration: ab4912e1427d8de00ef89e9e6582094c4c25dc05
  React-rendererdebug: 8ea55aebb8cba804db2a8449a2f0c80ccfe0ce5a
  React-rncore: 1f725aee4e00c317e51cb4d37aca7f6a47da9a11
  React-RuntimeApple: c1833d8e82f7c5314c001d61d289849c75217944
  React-RuntimeCore: 0a5b37b50737af3505b5801376ae5788532c013e
  React-runtimeexecutor: 69cab8ddf409de6d6a855a71c8af9e7290c4e55b
  React-RuntimeHermes: 44847ba3e8a9394b9829d9a9abde7590624f32d0
  React-runtimescheduler: e4ad653e1d2f5ff40ba047446cacde009694f0ed
  React-utils: 6f7ac39d9a0de447d4334bb25d144a28c0c5d8c9
  ReactCommon: 4a09c7d8a06e93c1e2e988a3b9f3db3d2449f2fc
  RNCPicker: 3e2c37a8328f368ce14da050cdc8231deb5fc9f9
  SDWebImage: dfe95b2466a9823cf9f0c6d01217c06550d7b29a
  SDWebImageAVIFCoder: 00310d246aab3232ce77f1d8f0076f8c4b021d90
  SDWebImageSVGCoder: 15a300a97ec1c8ac958f009c02220ac0402e936c
  SDWebImageWebPCoder: e38c0a70396191361d60c092933e22c20d5b1380
  SocketRocket: abac6f5de4d4d62d24e11868d7a2f427e0ef940d
  Yoga: eed50599a85bd9f6882a9938d118aed6a397db9c

PODFILE CHECKSUM: a73d485df51877001f2b04a5a4379cfa5a3ba8fa

COCOAPODS: 1.15.2
