<?xml version="1.0" encoding="utf-8"?>
<Project ToolsVersion="4.0" xmlns="http://schemas.microsoft.com/developer/msbuild/2003">
  <ItemGroup>
    <Filter Include="Common">
      <UniqueIdentifier>{e48e1a41-cf87-4859-8f9c-a9d8df446eef}</UniqueIdentifier>
    </Filter>
  </ItemGroup>
  <ItemGroup>
    <ClCompile Include="pch.cpp" />
    <ClCompile Include="ReactPackageProvider.cpp" />
    <ClCompile Include="$(GeneratedFilesDir)module.g.cpp">
      <Filter>Common</Filter>
    </ClCompile>
  </ItemGroup>
  <ItemGroup>
    <ClInclude Include="pch.h" />
    <ClInclude Include="ReactPackageProvider.h" />
    <ClInclude Include="VideoPluginSampleModule.h" />
  </ItemGroup>
  <ItemGroup>
    <Midl Include="ReactPackageProvider.idl" />
  </ItemGroup>
  <ItemGroup>
    <None Include="VideoPluginSample.def" />
    <None Include="packages.config" />
  </ItemGroup>
</Project>
